
Microsoft Visual Studio Solution File, Format Version 12.00
# Visual Studio Version 16
VisualStudioVersion = 16.0.30523.141
MinimumVisualStudioVersion = 10.0.40219.1
Project("{8BC9CEB8-8B4A-11D0-8D11-00A0C91BC942}") = "Stack", "Stack.vcxproj", "{96772767-5EFD-41F4-8462-67A3816E5287}"
EndProject
Project("{8BC9CEB8-8B4A-11D0-8D11-00A0C91BC942}") = "StackTest", "..\StackTest\StackTest.vcxproj", "{9E1F21E2-18D8-4FBB-A670-4C8324F06BA5}"
EndProject
Global
	GlobalSection(SolutionConfigurationPlatforms) = preSolution
		Debug|x64 = Debug|x64
		Debug|x86 = Debug|x86
		Release|x64 = Release|x64
		Release|x86 = Release|x86
	EndGlobalSection
	GlobalSection(ProjectConfigurationPlatforms) = postSolution
		{96772767-5EFD-41F4-8462-67A3816E5287}.Debug|x64.ActiveCfg = Debug|x64
		{96772767-5EFD-41F4-8462-67A3816E5287}.Debug|x64.Build.0 = Debug|x64
		{96772767-5EFD-41F4-8462-67A3816E5287}.Debug|x86.ActiveCfg = Debug|Win32
		{96772767-5EFD-41F4-8462-67A3816E5287}.Debug|x86.Build.0 = Debug|Win32
		{96772767-5EFD-41F4-8462-67A3816E5287}.Release|x64.ActiveCfg = Release|x64
		{96772767-5EFD-41F4-8462-67A3816E5287}.Release|x64.Build.0 = Release|x64
		{96772767-5EFD-41F4-8462-67A3816E5287}.Release|x86.ActiveCfg = Release|Win32
		{96772767-5EFD-41F4-8462-67A3816E5287}.Release|x86.Build.0 = Release|Win32
		{9E1F21E2-18D8-4FBB-A670-4C8324F06BA5}.Debug|x64.ActiveCfg = Debug|x64
		{9E1F21E2-18D8-4FBB-A670-4C8324F06BA5}.Debug|x64.Build.0 = Debug|x64
		{9E1F21E2-18D8-4FBB-A670-4C8324F06BA5}.Debug|x86.ActiveCfg = Debug|Win32
		{9E1F21E2-18D8-4FBB-A670-4C8324F06BA5}.Debug|x86.Build.0 = Debug|Win32
		{9E1F21E2-18D8-4FBB-A670-4C8324F06BA5}.Release|x64.ActiveCfg = Release|x64
		{9E1F21E2-18D8-4FBB-A670-4C8324F06BA5}.Release|x64.Build.0 = Release|x64
		{9E1F21E2-18D8-4FBB-A670-4C8324F06BA5}.Release|x86.ActiveCfg = Release|Win32
		{9E1F21E2-18D8-4FBB-A670-4C8324F06BA5}.Release|x86.Build.0 = Release|Win32
	EndGlobalSection
	GlobalSection(SolutionProperties) = preSolution
		HideSolutionNode = FALSE
	EndGlobalSection
	GlobalSection(ExtensibilityGlobals) = postSolution
		SolutionGuid = {4F2A1CBC-A7FC-4F2B-B7DC-F8BBCCE04DDB}
	EndGlobalSection
EndGlobal
